
Microsoft Visual Studio Solution File, Format Version 12.00
Project("{2150E333-8FDC-42A3-9474-1A3956D46DE8}") = "apps", "apps", "{0EE49BB5-7777-4E84-AF89-A06450F85355}"
EndProject
Project("{2150E333-8FDC-42A3-9474-1A3956D46DE8}") = "src", "src", "{75241C3F-2EA9-485F-A3A9-2DE705136CCF}"
EndProject
Project("{FAE04EC0-301F-11D3-BF4B-00C04F79EFBC}") = "YLunchApi.Infrastructure", "src\YLunchApi.Infrastructure\YLunchApi.Infrastructure.csproj", "{18FD960E-79FC-4D98-8727-CD0619848D4D}"
EndProject
Project("{FAE04EC0-301F-11D3-BF4B-00C04F79EFBC}") = "YLunchApi.Domain", "src\YLunchApi.Domain\YLunchApi.Domain.csproj", "{738268B8-7663-45F7-8BA5-BFC5D4668C13}"
EndProject
Project("{FAE04EC0-301F-11D3-BF4B-00C04F79EFBC}") = "YLunchApi.Application", "src\YLunchApi.Application\YLunchApi.Application.csproj", "{B5930CB2-08E0-474C-91F3-23B0AF7F8085}"
EndProject
Project("{2150E333-8FDC-42A3-9474-1A3956D46DE8}") = "tests", "tests", "{5958C9D7-CAD2-4286-B6FA-C198878F4431}"
EndProject
Project("{FAE04EC0-301F-11D3-BF4B-00C04F79EFBC}") = "YLunchApi.UnitTests", "tests\YLunchApi.UnitTests\YLunchApi.UnitTests.csproj", "{58CF9628-FA45-496D-A22C-69271AF4C5C3}"
EndProject
Project("{FAE04EC0-301F-11D3-BF4B-00C04F79EFBC}") = "YLunchApi.Main", "apps\YLunchApi.Main\YLunchApi.Main.csproj", "{02236A61-EE64-4290-A06D-711A0A4D6194}"
EndProject
Project("{FAE04EC0-301F-11D3-BF4B-00C04F79EFBC}") = "YLunchApi.IntegrationTests", "tests\YLunchApi.IntegrationTests\YLunchApi.IntegrationTests.csproj", "{EE9819B4-D52B-4922-AB2C-D3D06A082051}"
EndProject
Project("{FAE04EC0-301F-11D3-BF4B-00C04F79EFBC}") = "YLunchApi.Authentication", "src\YLunchApi.Authentication\YLunchApi.Authentication.csproj", "{94869801-50AD-416E-8824-11D0C822F7E4}"
EndProject
Project("{FAE04EC0-301F-11D3-BF4B-00C04F79EFBC}") = "YLunchApi.AuthenticationShared", "src\YLunchApi.AuthenticationShared\YLunchApi.AuthenticationShared.csproj", "{8B5B9B0A-E9DC-428B-8418-4A15B7F59DA9}"
EndProject
Project("{FAE04EC0-301F-11D3-BF4B-00C04F79EFBC}") = "YLunchApi.TestsShared", "tests\YLunchApi.TestsShared\YLunchApi.TestsShared.csproj", "{E0DC9137-D8F9-4454-A91F-5207EEEFB471}"
EndProject
Project("{FAE04EC0-301F-11D3-BF4B-00C04F79EFBC}") = "YLunchApi.Helpers", "src\YLunchApi.Helpers\YLunchApi.Helpers.csproj", "{1372DCAF-5BEC-489E-8CE9-501224F39462}"
EndProject
Global
	GlobalSection(SolutionConfigurationPlatforms) = preSolution
		Debug|Any CPU = Debug|Any CPU
		Release|Any CPU = Release|Any CPU
	EndGlobalSection
	GlobalSection(ProjectConfigurationPlatforms) = postSolution
		{18FD960E-79FC-4D98-8727-CD0619848D4D}.Debug|Any CPU.ActiveCfg = Debug|Any CPU
		{18FD960E-79FC-4D98-8727-CD0619848D4D}.Debug|Any CPU.Build.0 = Debug|Any CPU
		{18FD960E-79FC-4D98-8727-CD0619848D4D}.Release|Any CPU.ActiveCfg = Release|Any CPU
		{18FD960E-79FC-4D98-8727-CD0619848D4D}.Release|Any CPU.Build.0 = Release|Any CPU
		{738268B8-7663-45F7-8BA5-BFC5D4668C13}.Debug|Any CPU.ActiveCfg = Debug|Any CPU
		{738268B8-7663-45F7-8BA5-BFC5D4668C13}.Debug|Any CPU.Build.0 = Debug|Any CPU
		{738268B8-7663-45F7-8BA5-BFC5D4668C13}.Release|Any CPU.ActiveCfg = Release|Any CPU
		{738268B8-7663-45F7-8BA5-BFC5D4668C13}.Release|Any CPU.Build.0 = Release|Any CPU
		{B5930CB2-08E0-474C-91F3-23B0AF7F8085}.Debug|Any CPU.ActiveCfg = Debug|Any CPU
		{B5930CB2-08E0-474C-91F3-23B0AF7F8085}.Debug|Any CPU.Build.0 = Debug|Any CPU
		{B5930CB2-08E0-474C-91F3-23B0AF7F8085}.Release|Any CPU.ActiveCfg = Release|Any CPU
		{B5930CB2-08E0-474C-91F3-23B0AF7F8085}.Release|Any CPU.Build.0 = Release|Any CPU
		{58CF9628-FA45-496D-A22C-69271AF4C5C3}.Debug|Any CPU.ActiveCfg = Debug|Any CPU
		{58CF9628-FA45-496D-A22C-69271AF4C5C3}.Debug|Any CPU.Build.0 = Debug|Any CPU
		{58CF9628-FA45-496D-A22C-69271AF4C5C3}.Release|Any CPU.ActiveCfg = Release|Any CPU
		{58CF9628-FA45-496D-A22C-69271AF4C5C3}.Release|Any CPU.Build.0 = Release|Any CPU
		{02236A61-EE64-4290-A06D-711A0A4D6194}.Debug|Any CPU.ActiveCfg = Debug|Any CPU
		{02236A61-EE64-4290-A06D-711A0A4D6194}.Debug|Any CPU.Build.0 = Debug|Any CPU
		{02236A61-EE64-4290-A06D-711A0A4D6194}.Release|Any CPU.ActiveCfg = Release|Any CPU
		{02236A61-EE64-4290-A06D-711A0A4D6194}.Release|Any CPU.Build.0 = Release|Any CPU
		{EE9819B4-D52B-4922-AB2C-D3D06A082051}.Debug|Any CPU.ActiveCfg = Debug|Any CPU
		{EE9819B4-D52B-4922-AB2C-D3D06A082051}.Debug|Any CPU.Build.0 = Debug|Any CPU
		{EE9819B4-D52B-4922-AB2C-D3D06A082051}.Release|Any CPU.ActiveCfg = Release|Any CPU
		{EE9819B4-D52B-4922-AB2C-D3D06A082051}.Release|Any CPU.Build.0 = Release|Any CPU
		{94869801-50AD-416E-8824-11D0C822F7E4}.Debug|Any CPU.ActiveCfg = Debug|Any CPU
		{94869801-50AD-416E-8824-11D0C822F7E4}.Debug|Any CPU.Build.0 = Debug|Any CPU
		{94869801-50AD-416E-8824-11D0C822F7E4}.Release|Any CPU.ActiveCfg = Release|Any CPU
		{94869801-50AD-416E-8824-11D0C822F7E4}.Release|Any CPU.Build.0 = Release|Any CPU
		{8B5B9B0A-E9DC-428B-8418-4A15B7F59DA9}.Debug|Any CPU.ActiveCfg = Debug|Any CPU
		{8B5B9B0A-E9DC-428B-8418-4A15B7F59DA9}.Debug|Any CPU.Build.0 = Debug|Any CPU
		{8B5B9B0A-E9DC-428B-8418-4A15B7F59DA9}.Release|Any CPU.ActiveCfg = Release|Any CPU
		{8B5B9B0A-E9DC-428B-8418-4A15B7F59DA9}.Release|Any CPU.Build.0 = Release|Any CPU
		{E0DC9137-D8F9-4454-A91F-5207EEEFB471}.Debug|Any CPU.ActiveCfg = Debug|Any CPU
		{E0DC9137-D8F9-4454-A91F-5207EEEFB471}.Debug|Any CPU.Build.0 = Debug|Any CPU
		{E0DC9137-D8F9-4454-A91F-5207EEEFB471}.Release|Any CPU.ActiveCfg = Release|Any CPU
		{E0DC9137-D8F9-4454-A91F-5207EEEFB471}.Release|Any CPU.Build.0 = Release|Any CPU
		{1372DCAF-5BEC-489E-8CE9-501224F39462}.Debug|Any CPU.ActiveCfg = Debug|Any CPU
		{1372DCAF-5BEC-489E-8CE9-501224F39462}.Debug|Any CPU.Build.0 = Debug|Any CPU
		{1372DCAF-5BEC-489E-8CE9-501224F39462}.Release|Any CPU.ActiveCfg = Release|Any CPU
		{1372DCAF-5BEC-489E-8CE9-501224F39462}.Release|Any CPU.Build.0 = Release|Any CPU
	EndGlobalSection
	GlobalSection(NestedProjects) = preSolution
		{18FD960E-79FC-4D98-8727-CD0619848D4D} = {75241C3F-2EA9-485F-A3A9-2DE705136CCF}
		{738268B8-7663-45F7-8BA5-BFC5D4668C13} = {75241C3F-2EA9-485F-A3A9-2DE705136CCF}
		{B5930CB2-08E0-474C-91F3-23B0AF7F8085} = {75241C3F-2EA9-485F-A3A9-2DE705136CCF}
		{58CF9628-FA45-496D-A22C-69271AF4C5C3} = {5958C9D7-CAD2-4286-B6FA-C198878F4431}
		{02236A61-EE64-4290-A06D-711A0A4D6194} = {0EE49BB5-7777-4E84-AF89-A06450F85355}
		{EE9819B4-D52B-4922-AB2C-D3D06A082051} = {5958C9D7-CAD2-4286-B6FA-C198878F4431}
		{94869801-50AD-416E-8824-11D0C822F7E4} = {75241C3F-2EA9-485F-A3A9-2DE705136CCF}
		{8B5B9B0A-E9DC-428B-8418-4A15B7F59DA9} = {75241C3F-2EA9-485F-A3A9-2DE705136CCF}
		{E0DC9137-D8F9-4454-A91F-5207EEEFB471} = {5958C9D7-CAD2-4286-B6FA-C198878F4431}
		{1372DCAF-5BEC-489E-8CE9-501224F39462} = {75241C3F-2EA9-485F-A3A9-2DE705136CCF}
	EndGlobalSection
EndGlobal
